
Microsoft Visual Studio Solution File, Format Version 12.00
# Visual Studio Version 16
VisualStudioVersion = 16.0.31911.196
MinimumVisualStudioVersion = 10.0.40219.1
Project("{FAE04EC0-301F-11D3-BF4B-00C04F79EFBC}") = "ConsoleApp1", "ConsoleApp1\ConsoleApp1.csproj", "{CBC711AE-E1DD-449F-953F-5F76233762D5}"
EndProject
Global
	GlobalSection(SolutionConfigurationPlatforms) = preSolution
		Debug|Any CPU = Debug|Any CPU
		Release|Any CPU = Release|Any CPU
	EndGlobalSection
	GlobalSection(ProjectConfigurationPlatforms) = postSolution
		{CBC711AE-E1DD-449F-953F-5F76233762D5}.Debug|Any CPU.ActiveCfg = Debug|Any CPU
		{CBC711AE-E1DD-449F-953F-5F76233762D5}.Debug|Any CPU.Build.0 = Debug|Any CPU
		{CBC711AE-E1DD-449F-953F-5F76233762D5}.Release|Any CPU.ActiveCfg = Release|Any CPU
		{CBC711AE-E1DD-449F-953F-5F76233762D5}.Release|Any CPU.Build.0 = Release|Any CPU
	EndGlobalSection
	GlobalSection(SolutionProperties) = preSolution
		HideSolutionNode = FALSE
	EndGlobalSection
	GlobalSection(ExtensibilityGlobals) = postSolution
		SolutionGuid = {446334DC-0A61-42AF-8623-32BB234592C8}
	EndGlobalSection
EndGlobal
